
Microsoft Visual Studio Solution File, Format Version 12.00
# Visual Studio 14
VisualStudioVersion = 14.0.24720.0
MinimumVisualStudioVersion = 10.0.40219.1
Project("{FAE04EC0-301F-11D3-BF4B-00C04F79EFBC}") = "JediTournamentConsole", "JediTournamentConsole\JediTournamentConsole.csproj", "{A315FA67-16AA-42D2-AC47-E77B1325AFEE}"
EndProject
Project("{FAE04EC0-301F-11D3-BF4B-00C04F79EFBC}") = "BusinessLayer", "BusinessLayer\BusinessLayer.csproj", "{D895E23C-F912-4450-8915-5A42AA253699}"
EndProject
Project("{FAE04EC0-301F-11D3-BF4B-00C04F79EFBC}") = "StubDataAccessLayer", "StubDataAccessLayer\StubDataAccessLayer.csproj", "{99F5CB04-A610-4BE2-8E2C-FF6ABEB59F32}"
EndProject
Project("{FAE04EC0-301F-11D3-BF4B-00C04F79EFBC}") = "EntitiesLayer", "EntitiesLayer\EntitiesLayer.csproj", "{863F1DDE-0005-4FD1-A933-F3E2A2D3160F}"
EndProject
Project("{FAE04EC0-301F-11D3-BF4B-00C04F79EFBC}") = "JediTournamentWPF", "JediTournamentWPF\JediTournamentWPF.csproj", "{5D2D39BF-3F44-4ED6-BFB6-8F41CCA504DD}"
EndProject
Project("{FAE04EC0-301F-11D3-BF4B-00C04F79EFBC}") = "DataAccessLayer", "DataAccessLayer\DataAccessLayer.csproj", "{5F061032-E077-4ECA-A4BD-1D0DE1FC6627}"
EndProject
Project("{FAE04EC0-301F-11D3-BF4B-00C04F79EFBC}") = "DataAccessLayerTest", "DataAccessLayerTest\DataAccessLayerTest.csproj", "{47701875-40B8-4F87-B575-319471AD6AC6}"
EndProject
Project("{FAE04EC0-301F-11D3-BF4B-00C04F79EFBC}") = "JediTournamentWCF", "JediTournamentWCF\JediTournamentWCF.csproj", "{B2186812-5843-4949-B853-8D3F1D4DF1CF}"
EndProject
Project("{FAE04EC0-301F-11D3-BF4B-00C04F79EFBC}") = "JediTournamentWCFTest", "JediTournamentWCFTest\JediTournamentWCFTest.csproj", "{69E84503-0DB2-4207-874E-B6B7AD4873E9}"
	ProjectSection(ProjectDependencies) = postProject
		{B2186812-5843-4949-B853-8D3F1D4DF1CF} = {B2186812-5843-4949-B853-8D3F1D4DF1CF}
	EndProjectSection
EndProject
Project("{FAE04EC0-301F-11D3-BF4B-00C04F79EFBC}") = "JediTournamentWebApp", "JediTournamentWebApp\JediTournamentWebApp.csproj", "{673BE4AC-BFB4-4CCF-9B8F-2F81B12CAE2F}"
	ProjectSection(ProjectDependencies) = postProject
		{B2186812-5843-4949-B853-8D3F1D4DF1CF} = {B2186812-5843-4949-B853-8D3F1D4DF1CF}
	EndProjectSection
EndProject
Project("{FAE04EC0-301F-11D3-BF4B-00C04F79EFBC}") = "JediTournamentWebAppTest", "JediTournamentWebAppTest\JediTournamentWebAppTest.csproj", "{6ACC0370-9686-4220-A1B6-1BDE9B9E6FF8}"
EndProject
Global
	GlobalSection(SolutionConfigurationPlatforms) = preSolution
		Debug|Any CPU = Debug|Any CPU
		Release|Any CPU = Release|Any CPU
	EndGlobalSection
	GlobalSection(ProjectConfigurationPlatforms) = postSolution
		{A315FA67-16AA-42D2-AC47-E77B1325AFEE}.Debug|Any CPU.ActiveCfg = Debug|Any CPU
		{A315FA67-16AA-42D2-AC47-E77B1325AFEE}.Debug|Any CPU.Build.0 = Debug|Any CPU
		{A315FA67-16AA-42D2-AC47-E77B1325AFEE}.Release|Any CPU.ActiveCfg = Release|Any CPU
		{A315FA67-16AA-42D2-AC47-E77B1325AFEE}.Release|Any CPU.Build.0 = Release|Any CPU
		{D895E23C-F912-4450-8915-5A42AA253699}.Debug|Any CPU.ActiveCfg = Debug|Any CPU
		{D895E23C-F912-4450-8915-5A42AA253699}.Debug|Any CPU.Build.0 = Debug|Any CPU
		{D895E23C-F912-4450-8915-5A42AA253699}.Release|Any CPU.ActiveCfg = Release|Any CPU
		{D895E23C-F912-4450-8915-5A42AA253699}.Release|Any CPU.Build.0 = Release|Any CPU
		{99F5CB04-A610-4BE2-8E2C-FF6ABEB59F32}.Debug|Any CPU.ActiveCfg = Debug|Any CPU
		{99F5CB04-A610-4BE2-8E2C-FF6ABEB59F32}.Debug|Any CPU.Build.0 = Debug|Any CPU
		{99F5CB04-A610-4BE2-8E2C-FF6ABEB59F32}.Release|Any CPU.ActiveCfg = Release|Any CPU
		{99F5CB04-A610-4BE2-8E2C-FF6ABEB59F32}.Release|Any CPU.Build.0 = Release|Any CPU
		{863F1DDE-0005-4FD1-A933-F3E2A2D3160F}.Debug|Any CPU.ActiveCfg = Debug|Any CPU
		{863F1DDE-0005-4FD1-A933-F3E2A2D3160F}.Debug|Any CPU.Build.0 = Debug|Any CPU
		{863F1DDE-0005-4FD1-A933-F3E2A2D3160F}.Release|Any CPU.ActiveCfg = Release|Any CPU
		{863F1DDE-0005-4FD1-A933-F3E2A2D3160F}.Release|Any CPU.Build.0 = Release|Any CPU
		{5D2D39BF-3F44-4ED6-BFB6-8F41CCA504DD}.Debug|Any CPU.ActiveCfg = Debug|Any CPU
		{5D2D39BF-3F44-4ED6-BFB6-8F41CCA504DD}.Debug|Any CPU.Build.0 = Debug|Any CPU
		{5D2D39BF-3F44-4ED6-BFB6-8F41CCA504DD}.Release|Any CPU.ActiveCfg = Release|Any CPU
		{5D2D39BF-3F44-4ED6-BFB6-8F41CCA504DD}.Release|Any CPU.Build.0 = Release|Any CPU
		{5F061032-E077-4ECA-A4BD-1D0DE1FC6627}.Debug|Any CPU.ActiveCfg = Debug|Any CPU
		{5F061032-E077-4ECA-A4BD-1D0DE1FC6627}.Debug|Any CPU.Build.0 = Debug|Any CPU
		{5F061032-E077-4ECA-A4BD-1D0DE1FC6627}.Release|Any CPU.ActiveCfg = Release|Any CPU
		{5F061032-E077-4ECA-A4BD-1D0DE1FC6627}.Release|Any CPU.Build.0 = Release|Any CPU
		{47701875-40B8-4F87-B575-319471AD6AC6}.Debug|Any CPU.ActiveCfg = Debug|Any CPU
		{47701875-40B8-4F87-B575-319471AD6AC6}.Debug|Any CPU.Build.0 = Debug|Any CPU
		{47701875-40B8-4F87-B575-319471AD6AC6}.Release|Any CPU.ActiveCfg = Release|Any CPU
		{47701875-40B8-4F87-B575-319471AD6AC6}.Release|Any CPU.Build.0 = Release|Any CPU
		{B2186812-5843-4949-B853-8D3F1D4DF1CF}.Debug|Any CPU.ActiveCfg = Debug|Any CPU
		{B2186812-5843-4949-B853-8D3F1D4DF1CF}.Debug|Any CPU.Build.0 = Debug|Any CPU
		{B2186812-5843-4949-B853-8D3F1D4DF1CF}.Release|Any CPU.ActiveCfg = Release|Any CPU
		{B2186812-5843-4949-B853-8D3F1D4DF1CF}.Release|Any CPU.Build.0 = Release|Any CPU
		{69E84503-0DB2-4207-874E-B6B7AD4873E9}.Debug|Any CPU.ActiveCfg = Debug|Any CPU
		{69E84503-0DB2-4207-874E-B6B7AD4873E9}.Debug|Any CPU.Build.0 = Debug|Any CPU
		{69E84503-0DB2-4207-874E-B6B7AD4873E9}.Release|Any CPU.ActiveCfg = Release|Any CPU
		{69E84503-0DB2-4207-874E-B6B7AD4873E9}.Release|Any CPU.Build.0 = Release|Any CPU
		{673BE4AC-BFB4-4CCF-9B8F-2F81B12CAE2F}.Debug|Any CPU.ActiveCfg = Debug|Any CPU
		{673BE4AC-BFB4-4CCF-9B8F-2F81B12CAE2F}.Debug|Any CPU.Build.0 = Debug|Any CPU
		{673BE4AC-BFB4-4CCF-9B8F-2F81B12CAE2F}.Release|Any CPU.ActiveCfg = Release|Any CPU
		{673BE4AC-BFB4-4CCF-9B8F-2F81B12CAE2F}.Release|Any CPU.Build.0 = Release|Any CPU
		{6ACC0370-9686-4220-A1B6-1BDE9B9E6FF8}.Debug|Any CPU.ActiveCfg = Debug|Any CPU
		{6ACC0370-9686-4220-A1B6-1BDE9B9E6FF8}.Debug|Any CPU.Build.0 = Debug|Any CPU
		{6ACC0370-9686-4220-A1B6-1BDE9B9E6FF8}.Release|Any CPU.ActiveCfg = Release|Any CPU
		{6ACC0370-9686-4220-A1B6-1BDE9B9E6FF8}.Release|Any CPU.Build.0 = Release|Any CPU
	EndGlobalSection
	GlobalSection(SolutionProperties) = preSolution
		HideSolutionNode = FALSE
	EndGlobalSection
EndGlobal
